
Microsoft Visual Studio Solution File, Format Version 12.00
# Visual Studio Version 16
VisualStudioVersion = 16.0.31515.178
MinimumVisualStudioVersion = 10.0.40219.1
Project("{FAE04EC0-301F-11D3-BF4B-00C04F79EFBC}") = "Super Mega Market Place 2021", "Super Mega Market Place 2021\Super Mega Market Place 2021.csproj", "{4CC6641E-0B0D-4A36-A6D3-7B35B362AE20}"
EndProject
Global
	GlobalSection(SolutionConfigurationPlatforms) = preSolution
		Debug|Any CPU = Debug|Any CPU
		Release|Any CPU = Release|Any CPU
	EndGlobalSection
	GlobalSection(ProjectConfigurationPlatforms) = postSolution
		{4CC6641E-0B0D-4A36-A6D3-7B35B362AE20}.Debug|Any CPU.ActiveCfg = Debug|Any CPU
		{4CC6641E-0B0D-4A36-A6D3-7B35B362AE20}.Debug|Any CPU.Build.0 = Debug|Any CPU
		{4CC6641E-0B0D-4A36-A6D3-7B35B362AE20}.Release|Any CPU.ActiveCfg = Release|Any CPU
		{4CC6641E-0B0D-4A36-A6D3-7B35B362AE20}.Release|Any CPU.Build.0 = Release|Any CPU
	EndGlobalSection
	GlobalSection(SolutionProperties) = preSolution
		HideSolutionNode = FALSE
	EndGlobalSection
	GlobalSection(ExtensibilityGlobals) = postSolution
		SolutionGuid = {158F1A90-9AFD-4929-9CC9-0A09CCF881BF}
	EndGlobalSection
EndGlobal
