
Microsoft Visual Studio Solution File, Format Version 12.00
# Visual Studio Version 16
VisualStudioVersion = 16.0.31515.178
MinimumVisualStudioVersion = 10.0.40219.1
Project("{FAE04EC0-301F-11D3-BF4B-00C04F79EFBC}") = "HolaAlgorry", "HolaAlgorry\HolaAlgorry.csproj", "{C6995EDE-F82C-42B4-8ABD-D722FE85EAC4}"
EndProject
Global
	GlobalSection(SolutionConfigurationPlatforms) = preSolution
		Debug|Any CPU = Debug|Any CPU
		Release|Any CPU = Release|Any CPU
	EndGlobalSection
	GlobalSection(ProjectConfigurationPlatforms) = postSolution
		{C6995EDE-F82C-42B4-8ABD-D722FE85EAC4}.Debug|Any CPU.ActiveCfg = Debug|Any CPU
		{C6995EDE-F82C-42B4-8ABD-D722FE85EAC4}.Debug|Any CPU.Build.0 = Debug|Any CPU
		{C6995EDE-F82C-42B4-8ABD-D722FE85EAC4}.Release|Any CPU.ActiveCfg = Release|Any CPU
		{C6995EDE-F82C-42B4-8ABD-D722FE85EAC4}.Release|Any CPU.Build.0 = Release|Any CPU
	EndGlobalSection
	GlobalSection(SolutionProperties) = preSolution
		HideSolutionNode = FALSE
	EndGlobalSection
	GlobalSection(ExtensibilityGlobals) = postSolution
		SolutionGuid = {CB0FF9AF-AB2D-4141-A08D-6743B346450B}
	EndGlobalSection
EndGlobal
