
Microsoft Visual Studio Solution File, Format Version 12.00
# Visual Studio Version 16
VisualStudioVersion = 16.0.31515.178
MinimumVisualStudioVersion = 10.0.40219.1
Project("{FAE04EC0-301F-11D3-BF4B-00C04F79EFBC}") = "Operador de asignación", "Operador de asignación\Operador de asignación.csproj", "{B18CE93F-5C9D-4148-A642-76B487711995}"
EndProject
Global
	GlobalSection(SolutionConfigurationPlatforms) = preSolution
		Debug|Any CPU = Debug|Any CPU
		Release|Any CPU = Release|Any CPU
	EndGlobalSection
	GlobalSection(ProjectConfigurationPlatforms) = postSolution
		{B18CE93F-5C9D-4148-A642-76B487711995}.Debug|Any CPU.ActiveCfg = Debug|Any CPU
		{B18CE93F-5C9D-4148-A642-76B487711995}.Debug|Any CPU.Build.0 = Debug|Any CPU
		{B18CE93F-5C9D-4148-A642-76B487711995}.Release|Any CPU.ActiveCfg = Release|Any CPU
		{B18CE93F-5C9D-4148-A642-76B487711995}.Release|Any CPU.Build.0 = Release|Any CPU
	EndGlobalSection
	GlobalSection(SolutionProperties) = preSolution
		HideSolutionNode = FALSE
	EndGlobalSection
	GlobalSection(ExtensibilityGlobals) = postSolution
		SolutionGuid = {CC0A7412-ADEF-419B-AF0A-9F7C6FA0A693}
	EndGlobalSection
EndGlobal
